Microsoft Visual Studio Solution File, Format Version 12.00
# Visual Studio Version 17
VisualStudioVersion = 17.5.2.0
MinimumVisualStudioVersion = 10.0.40219.1
Project("{FAE04EC0-301F-11D3-BF4B-00C04F79EFBC}") = "PerformanceModule", "PerformanceModule.csproj", "{DA6EBB91-6594-478B-DEDD-E006D6603C5A}"
EndProject
Global
	GlobalSection(SolutionConfigurationPlatforms) = preSolution
		Debug|Any CPU = Debug|Any CPU
		Release|Any CPU = Release|Any CPU
	EndGlobalSection
	GlobalSection(ProjectConfigurationPlatforms) = postSolution
		{DA6EBB91-6594-478B-DEDD-E006D6603C5A}.Debug|Any CPU.ActiveCfg = Debug|Any CPU
		{DA6EBB91-6594-478B-DEDD-E006D6603C5A}.Debug|Any CPU.Build.0 = Debug|Any CPU
		{DA6EBB91-6594-478B-DEDD-E006D6603C5A}.Release|Any CPU.ActiveCfg = Release|Any CPU
		{DA6EBB91-6594-478B-DEDD-E006D6603C5A}.Release|Any CPU.Build.0 = Release|Any CPU
	EndGlobalSection
	GlobalSection(SolutionProperties) = preSolution
		HideSolutionNode = FALSE
	EndGlobalSection
	GlobalSection(ExtensibilityGlobals) = postSolution
		SolutionGuid = {AFE52CB3-EBD5-4321-A08C-BC075F562D85}
	EndGlobalSection
EndGlobal
